
Microsoft Visual Studio Solution File, Format Version 12.00
# Visual Studio Version 16
VisualStudioVersion = 16.0.28803.452
MinimumVisualStudioVersion = 10.0.40219.1
Project("{FAE04EC0-301F-11D3-BF4B-00C04F79EFBC}") = "ConsoleApp1", "ConsoleApp1\ConsoleApp1.csproj", "{C2FFBEA1-375A-49E6-BF7A-7DCC72E4A646}"
EndProject
Global
	GlobalSection(SolutionConfigurationPlatforms) = preSolution
		Debug|Any CPU = Debug|Any CPU
		Release|Any CPU = Release|Any CPU
	EndGlobalSection
	GlobalSection(ProjectConfigurationPlatforms) = postSolution
		{C2FFBEA1-375A-49E6-BF7A-7DCC72E4A646}.Debug|Any CPU.ActiveCfg = Debug|Any CPU
		{C2FFBEA1-375A-49E6-BF7A-7DCC72E4A646}.Debug|Any CPU.Build.0 = Debug|Any CPU
		{C2FFBEA1-375A-49E6-BF7A-7DCC72E4A646}.Release|Any CPU.ActiveCfg = Release|Any CPU
		{C2FFBEA1-375A-49E6-BF7A-7DCC72E4A646}.Release|Any CPU.Build.0 = Release|Any CPU
	EndGlobalSection
	GlobalSection(SolutionProperties) = preSolution
		HideSolutionNode = FALSE
	EndGlobalSection
	GlobalSection(ExtensibilityGlobals) = postSolution
		SolutionGuid = {54612258-3E62-4CC0-9562-C8C787B99416}
	EndGlobalSection
EndGlobal
